{
  "name": "webprog-q-and-a",
  "version": "1.0.0",
  "lockfileVersion": 1,
  "requires": true,
  "dependencies": {
    "gen-q-and-a": {
      "version": "git+ssh://git@github.com/umrigar/gen-q-and-a.git#dc7d1aca7691e7b2ed69327fd18aa3511ac253f3",
      "from": "git+ssh://git@github.com/umrigar/gen-q-and-a.git",
      "dev": true
    }
  }
}
